{
    "_readme": [
        "This file locks the dependencies of your project to a known state",
        "Read more about it at https://getcomposer.org/doc/01-basic-usage.md#composer-lock-the-lock-file",
        "This file is @generated automatically"
    ],
    "hash": "eb989ec304d857c05307f61a3b787da0",
    "packages": [
        {
            "name": "jamierumbelow/pigeon",
            "version": "v0.2.0",
            "source": {
                "type": "git",
                "url": "https://github.com/jamierumbelow/pigeon.git",
                "reference": "f595c966278f468a0ab67455d180e3da3aa28ace"
            },
            "dist": {
                "type": "zip",
                "url": "https://api.github.com/repos/jamierumbelow/pigeon/zipball/f595c966278f468a0ab67455d180e3da3aa28ace",
                "reference": "f595c966278f468a0ab67455d180e3da3aa28ace",
                "shasum": ""
            },
            "require": {
                "php": ">=5.3.1"
            },
            "type": "library",
            "autoload": {
                "classmap": [
                    "libraries/pigeon.php"
                ]
            },
            "notification-url": "https://packagist.org/downloads/",
            "license": [
                "MIT"
            ],
            "authors": [
                {
                    "name": "Jamie Rumbelow",
                    "email": "jamie@jamierumbelow.net",
                    "homepage": "http://jamierumbelow.net/"
                }
            ],
            "description": "Intelligent, elegant routing for CodeIgniter",
            "homepage": "https://github.com/jamierumbelow/pigeon",
            "keywords": [
                "codeigniter",
                "rest",
                "routes",
                "routing"
            ],
            "time": "2012-09-25 15:53:19"
        }
    ],
    "packages-dev": [],
    "aliases": [],
    "minimum-stability": "stable",
    "stability-flags": [],
    "prefer-stable": false,
    "prefer-lowest": false,
    "platform": [],
    "platform-dev": []
}
